
Microsoft Visual Studio Solution File, Format Version 12.00
# Visual Studio Version 17
VisualStudioVersion = 17.0.32014.148
MinimumVisualStudioVersion = 10.0.40219.1
Project("{FAE04EC0-301F-11D3-BF4B-00C04F79EFBC}") = "DAL", "DAL\DAL.csproj", "{5E65778F-59DE-4336-96DD-173A3F75BC2A}"
EndProject
Project("{FAE04EC0-301F-11D3-BF4B-00C04F79EFBC}") = "BLL", "BLL\BLL.csproj", "{D7A80FA5-3881-44F8-A014-6076F6EED4CA}"
EndProject
Project("{FAE04EC0-301F-11D3-BF4B-00C04F79EFBC}") = "AppUI", "AppUI\AppUI.csproj", "{03BE1AB8-CD03-4C83-AC3C-E5A5CE37820E}"
EndProject
Global
	GlobalSection(SolutionConfigurationPlatforms) = preSolution
		Debug|Any CPU = Debug|Any CPU
		Release|Any CPU = Release|Any CPU
	EndGlobalSection
	GlobalSection(ProjectConfigurationPlatforms) = postSolution
		{5E65778F-59DE-4336-96DD-173A3F75BC2A}.Debug|Any CPU.ActiveCfg = Debug|Any CPU
		{5E65778F-59DE-4336-96DD-173A3F75BC2A}.Debug|Any CPU.Build.0 = Debug|Any CPU
		{5E65778F-59DE-4336-96DD-173A3F75BC2A}.Release|Any CPU.ActiveCfg = Release|Any CPU
		{5E65778F-59DE-4336-96DD-173A3F75BC2A}.Release|Any CPU.Build.0 = Release|Any CPU
		{D7A80FA5-3881-44F8-A014-6076F6EED4CA}.Debug|Any CPU.ActiveCfg = Debug|Any CPU
		{D7A80FA5-3881-44F8-A014-6076F6EED4CA}.Debug|Any CPU.Build.0 = Debug|Any CPU
		{D7A80FA5-3881-44F8-A014-6076F6EED4CA}.Release|Any CPU.ActiveCfg = Release|Any CPU
		{D7A80FA5-3881-44F8-A014-6076F6EED4CA}.Release|Any CPU.Build.0 = Release|Any CPU
		{03BE1AB8-CD03-4C83-AC3C-E5A5CE37820E}.Debug|Any CPU.ActiveCfg = Debug|Any CPU
		{03BE1AB8-CD03-4C83-AC3C-E5A5CE37820E}.Debug|Any CPU.Build.0 = Debug|Any CPU
		{03BE1AB8-CD03-4C83-AC3C-E5A5CE37820E}.Release|Any CPU.ActiveCfg = Release|Any CPU
		{03BE1AB8-CD03-4C83-AC3C-E5A5CE37820E}.Release|Any CPU.Build.0 = Release|Any CPU
	EndGlobalSection
	GlobalSection(SolutionProperties) = preSolution
		HideSolutionNode = FALSE
	EndGlobalSection
	GlobalSection(ExtensibilityGlobals) = postSolution
		SolutionGuid = {10B40F76-6AD1-4FF5-8603-C404021558B1}
	EndGlobalSection
EndGlobal
